
Microsoft Visual Studio Solution File, Format Version 12.00
# Visual Studio 14
VisualStudioVersion = 14.0.22823.1
MinimumVisualStudioVersion = 10.0.40219.1
Project("{2150E333-8FDC-42A3-9474-1A3956D46DE8}") = "Tests", "Tests", "{6E07F52A-A2D2-4AD8-B453-2C85BA2368C5}"
EndProject
Project("{FAE04EC0-301F-11D3-BF4B-00C04F79EFBC}") = "BasketTest.Discounts", "src\BasketTest.Discounts\BasketTest.Discounts.csproj", "{16C83522-48AD-4384-912F-35F4A7B56300}"
EndProject
Project("{FAE04EC0-301F-11D3-BF4B-00C04F79EFBC}") = "BasketTest.Discount.UnitTests", "test\BasketTest.Discount.UnitTests\BasketTest.Discount.UnitTests.csproj", "{F3624746-FE6E-4A6C-BBB1-A76797B6E0D6}"
EndProject
Global
	GlobalSection(SolutionConfigurationPlatforms) = preSolution
		Debug|Any CPU = Debug|Any CPU
		Release|Any CPU = Release|Any CPU
	EndGlobalSection
	GlobalSection(ProjectConfigurationPlatforms) = postSolution
		{16C83522-48AD-4384-912F-35F4A7B56300}.Debug|Any CPU.ActiveCfg = Debug|Any CPU
		{16C83522-48AD-4384-912F-35F4A7B56300}.Debug|Any CPU.Build.0 = Debug|Any CPU
		{16C83522-48AD-4384-912F-35F4A7B56300}.Release|Any CPU.ActiveCfg = Release|Any CPU
		{16C83522-48AD-4384-912F-35F4A7B56300}.Release|Any CPU.Build.0 = Release|Any CPU
		{F3624746-FE6E-4A6C-BBB1-A76797B6E0D6}.Debug|Any CPU.ActiveCfg = Debug|Any CPU
		{F3624746-FE6E-4A6C-BBB1-A76797B6E0D6}.Debug|Any CPU.Build.0 = Debug|Any CPU
		{F3624746-FE6E-4A6C-BBB1-A76797B6E0D6}.Release|Any CPU.ActiveCfg = Release|Any CPU
		{F3624746-FE6E-4A6C-BBB1-A76797B6E0D6}.Release|Any CPU.Build.0 = Release|Any CPU
	EndGlobalSection
	GlobalSection(SolutionProperties) = preSolution
		HideSolutionNode = FALSE
	EndGlobalSection
	GlobalSection(NestedProjects) = preSolution
		{F3624746-FE6E-4A6C-BBB1-A76797B6E0D6} = {6E07F52A-A2D2-4AD8-B453-2C85BA2368C5}
	EndGlobalSection
EndGlobal
